{
  "name": "viewer",
  "lockfileVersion": 3,
  "requires": true,
  "packages": {
    "": {
      "dependencies": {
        "arethusa-widget": "^2.1.3"
      }
    },
    "node_modules/arethusa-widget": {
      "version": "2.1.3",
      "resolved": "https://registry.npmjs.org/arethusa-widget/-/arethusa-widget-2.1.3.tgz",
      "integrity": "sha512-KAaMe2l2bMUMowEl43dnwucOEn7kM7xcxBanuoLRR03+0GqdL+QaatVEyakv4BA/v4huqdVuspT6uRLsM3nbfQ==",
      "license": "MIT"
    }
  }
}
